// !$*UTF8*$!
{
	archiveVersion = 1;
	classes = {
	};
	objectVersion = 48;
	objects = {

/* Begin PBXBuildFile section */
		1F4C86211FC806DF008F6812 /* GoogleService-Info.plist in Resources */ = {isa = PBXBuildFile; fileRef = 1F4C86201FC806DF008F6812 /* GoogleService-Info.plist */; };
		1F4C86231FC81B27008F6812 /* PublishViewController.swift in Sources */ = {isa = PBXBuildFile; fileRef = 1F4C86221FC81B27008F6812 /* PublishViewController.swift */; };
		1F99E3401FCB417400FD05A8 /* PublishArticleCell.xib in Resources */ = {isa = PBXBuildFile; fileRef = 1F99E33F1FCB417400FD05A8 /* PublishArticleCell.xib */; };
		1FE438531FC7F7F0003473D2 /* AppDelegate.swift in Sources */ = {isa = PBXBuildFile; fileRef = 1FE438521FC7F7F0003473D2 /* AppDelegate.swift */; };
		1FE438551FC7F7F0003473D2 /* MessagesController.swift in Sources */ = {isa = PBXBuildFile; fileRef = 1FE438541FC7F7F0003473D2 /* MessagesController.swift */; };
		1FE438581FC7F7F0003473D2 /* Main.storyboard in Resources */ = {isa = PBXBuildFile; fileRef = 1FE438561FC7F7F0003473D2 /* Main.storyboard */; };
		1FE4385A1FC7F7F0003473D2 /* Assets.xcassets in Resources */ = {isa = PBXBuildFile; fileRef = 1FE438591FC7F7F0003473D2 /* Assets.xcassets */; };
		1FE4385D1FC7F7F0003473D2 /* LaunchScreen.storyboard in Resources */ = {isa = PBXBuildFile; fileRef = 1FE4385B1FC7F7F0003473D2 /* LaunchScreen.storyboard */; };
		1FE438661FC7FA43003473D2 /* LoginController.swift in Sources */ = {isa = PBXBuildFile; fileRef = 1FE438651FC7FA43003473D2 /* LoginController.swift */; };
		61F8EE473E3684A2185424C1 /* Pods_chatTogther.framework in Frameworks */ = {isa = PBXBuildFile; fileRef = 0328D0689E1D637F772D738B /* Pods_chatTogther.framework */; };
		7FABFA191FCAAA3A0010A10F /* PublishArticleCell.swift in Sources */ = {isa = PBXBuildFile; fileRef = 7FABFA181FCAAA3A0010A10F /* PublishArticleCell.swift */; };
		7FABFA1D1FCAB2420010A10F /* UserArticlesController.swift in Sources */ = {isa = PBXBuildFile; fileRef = 7FABFA1C1FCAB2420010A10F /* UserArticlesController.swift */; };
/* End PBXBuildFile section */

/* Begin PBXFileReference section */
		0328D0689E1D637F772D738B /* Pods_chatTogther.framework */ = {isa = PBXFileReference; explicitFileType = wrapper.framework; includeInIndex = 0; path = Pods_chatTogther.framework; sourceTree = BUILT_PRODUCTS_DIR; };
		052689B7D72AB7A9D0B3A4E3 /* Pods-chatTogther.debug.xcconfig */ = {isa = PBXFileReference; includeInIndex = 1; lastKnownFileType = text.xcconfig; name = "Pods-chatTogther.debug.xcconfig"; path = "Pods/Target Support Files/Pods-chatTogther/Pods-chatTogther.debug.xcconfig"; sourceTree = "<group>"; };
		1F4C86201FC806DF008F6812 /* GoogleService-Info.plist */ = {isa = PBXFileReference; fileEncoding = 4; lastKnownFileType = text.plist.xml; path = "GoogleService-Info.plist"; sourceTree = "<group>"; };
		1F4C86221FC81B27008F6812 /* PublishViewController.swift */ = {isa = PBXFileReference; lastKnownFileType = sourcecode.swift; path = PublishViewController.swift; sourceTree = "<group>"; };
		1F99E33F1FCB417400FD05A8 /* PublishArticleCell.xib */ = {isa = PBXFileReference; lastKnownFileType = file.xib; path = PublishArticleCell.xib; sourceTree = "<group>"; };
		1FE4384F1FC7F7F0003473D2 /* chatTogther.app */ = {isa = PBXFileReference; explicitFileType = wrapper.application; includeInIndex = 0; path = chatTogther.app; sourceTree = BUILT_PRODUCTS_DIR; };
		1FE438521FC7F7F0003473D2 /* AppDelegate.swift */ = {isa = PBXFileReference; lastKnownFileType = sourcecode.swift; path = AppDelegate.swift; sourceTree = "<group>"; };
		1FE438541FC7F7F0003473D2 /* MessagesController.swift */ = {isa = PBXFileReference; lastKnownFileType = sourcecode.swift; path = MessagesController.swift; sourceTree = "<group>"; };
		1FE438571FC7F7F0003473D2 /* Base */ = {isa = PBXFileReference; lastKnownFileType = file.storyboard; name = Base; path = Base.lproj/Main.storyboard; sourceTree = "<group>"; };
		1FE438591FC7F7F0003473D2 /* Assets.xcassets */ = {isa = PBXFileReference; lastKnownFileType = folder.assetcatalog; path = Assets.xcassets; sourceTree = "<group>"; };
		1FE4385C1FC7F7F0003473D2 /* Base */ = {isa = PBXFileReference; lastKnownFileType = file.storyboard; name = Base; path = Base.lproj/LaunchScreen.storyboard; sourceTree = "<group>"; };
		1FE4385E1FC7F7F0003473D2 /* Info.plist */ = {isa = PBXFileReference; lastKnownFileType = text.plist.xml; path = Info.plist; sourceTree = "<group>"; };
		1FE438651FC7FA43003473D2 /* LoginController.swift */ = {isa = PBXFileReference; lastKnownFileType = sourcecode.swift; path = LoginController.swift; sourceTree = "<group>"; };
		34DFC0E25CE0527FFF05ED1A /* Pods-chatTogther.release.xcconfig */ = {isa = PBXFileReference; includeInIndex = 1; lastKnownFileType = text.xcconfig; name = "Pods-chatTogther.release.xcconfig"; path = "Pods/Target Support Files/Pods-chatTogther/Pods-chatTogther.release.xcconfig"; sourceTree = "<group>"; };
		7FABFA181FCAAA3A0010A10F /* PublishArticleCell.swift */ = {isa = PBXFileReference; lastKnownFileType = sourcecode.swift; path = PublishArticleCell.swift; sourceTree = "<group>"; };
		7FABFA1C1FCAB2420010A10F /* UserArticlesController.swift */ = {isa = PBXFileReference; lastKnownFileType = sourcecode.swift; path = UserArticlesController.swift; sourceTree = "<group>"; };
/* End PBXFileReference section */

/* Begin PBXFrameworksBuildPhase section */
		1FE4384C1FC7F7F0003473D2 /* Frameworks */ = {
			isa = PBXFrameworksBuildPhase;
			buildActionMask = 2147483647;
			files = (
				61F8EE473E3684A2185424C1 /* Pods_chatTogther.framework in Frameworks */,
			);
			runOnlyForDeploymentPostprocessing = 0;
		};
/* End PBXFrameworksBuildPhase section */

/* Begin PBXGroup section */
		1FE438461FC7F7F0003473D2 = {
			isa = PBXGroup;
			children = (
				1FE438641FC7FA25003473D2 /* Controller */,
				1FE438511FC7F7F0003473D2 /* chatTogther */,
				1FE438501FC7F7F0003473D2 /* Products */,
				D7B011B56697F6AE3808D390 /* Pods */,
				4A0C797F428FAA28D19E2B03 /* Frameworks */,
			);
			sourceTree = "<group>";
		};
		1FE438501FC7F7F0003473D2 /* Products */ = {
			isa = PBXGroup;
			children = (
				1FE4384F1FC7F7F0003473D2 /* chatTogther.app */,
			);
			name = Products;
			sourceTree = "<group>";
		};
		1FE438511FC7F7F0003473D2 /* chatTogther */ = {
			isa = PBXGroup;
			children = (
				1FE438521FC7F7F0003473D2 /* AppDelegate.swift */,
				1FE438561FC7F7F0003473D2 /* Main.storyboard */,
				1FE438591FC7F7F0003473D2 /* Assets.xcassets */,
				1FE4385B1FC7F7F0003473D2 /* LaunchScreen.storyboard */,
				1FE4385E1FC7F7F0003473D2 /* Info.plist */,
				1F4C86201FC806DF008F6812 /* GoogleService-Info.plist */,
			);
			path = chatTogther;
			sourceTree = "<group>";
		};
		1FE438641FC7FA25003473D2 /* Controller */ = {
			isa = PBXGroup;
			children = (
				7FABFA171FCAAA0C0010A10F /* cell */,
				1FE438651FC7FA43003473D2 /* LoginController.swift */,
				1FE438541FC7F7F0003473D2 /* MessagesController.swift */,
				1F99E33F1FCB417400FD05A8 /* PublishArticleCell.xib */,
				1F4C86221FC81B27008F6812 /* PublishViewController.swift */,
				7FABFA1C1FCAB2420010A10F /* UserArticlesController.swift */,
			);
			path = Controller;
			sourceTree = "<group>";
		};
		4A0C797F428FAA28D19E2B03 /* Frameworks */ = {
			isa = PBXGroup;
			children = (
				0328D0689E1D637F772D738B /* Pods_chatTogther.framework */,
			);
			name = Frameworks;
			sourceTree = "<group>";
		};
		7FABFA171FCAAA0C0010A10F /* cell */ = {
			isa = PBXGroup;
			children = (
				7FABFA181FCAAA3A0010A10F /* PublishArticleCell.swift */,
			);
			path = cell;
			sourceTree = "<group>";
		};
		D7B011B56697F6AE3808D390 /* Pods */ = {
			isa = PBXGroup;
			children = (
				052689B7D72AB7A9D0B3A4E3 /* Pods-chatTogther.debug.xcconfig */,
				34DFC0E25CE0527FFF05ED1A /* Pods-chatTogther.release.xcconfig */,
			);
			name = Pods;
			sourceTree = "<group>";
		};
/* End PBXGroup section */

/* Begin PBXNativeTarget section */
		1FE4384E1FC7F7F0003473D2 /* chatTogther */ = {
			isa = PBXNativeTarget;
			buildConfigurationList = 1FE438611FC7F7F0003473D2 /* Build configuration list for PBXNativeTarget "chatTogther" */;
			buildPhases = (
				0A32B7F5DEAA4AC4526396C0 /* [CP] Check Pods Manifest.lock */,
				1FE4384B1FC7F7F0003473D2 /* Sources */,
				1FE4384C1FC7F7F0003473D2 /* Frameworks */,
				1FE4384D1FC7F7F0003473D2 /* Resources */,
				323092841C04F4B088B13C44 /* [CP] Embed Pods Frameworks */,
				AA41EF51A2489C43CCA1A015 /* [CP] Copy Pods Resources */,
			);
			buildRules = (
			);
			dependencies = (
			);
			name = chatTogther;
			productName = chatTogther;
			productReference = 1FE4384F1FC7F7F0003473D2 /* chatTogther.app */;
			productType = "com.apple.product-type.application";
		};
/* End PBXNativeTarget section */

/* Begin PBXProject section */
		1FE438471FC7F7F0003473D2 /* Project object */ = {
			isa = PBXProject;
			attributes = {
				LastSwiftUpdateCheck = 0910;
				LastUpgradeCheck = 0910;
				ORGANIZATIONNAME = "Susu Liang";
				TargetAttributes = {
					1FE4384E1FC7F7F0003473D2 = {
						CreatedOnToolsVersion = 9.1;
						ProvisioningStyle = Automatic;
					};
				};
			};
			buildConfigurationList = 1FE4384A1FC7F7F0003473D2 /* Build configuration list for PBXProject "chatTogther" */;
			compatibilityVersion = "Xcode 8.0";
			developmentRegion = en;
			hasScannedForEncodings = 0;
			knownRegions = (
				en,
				Base,
			);
			mainGroup = 1FE438461FC7F7F0003473D2;
			productRefGroup = 1FE438501FC7F7F0003473D2 /* Products */;
			projectDirPath = "";
			projectRoot = "";
			targets = (
				1FE4384E1FC7F7F0003473D2 /* chatTogther */,
			);
		};
/* End PBXProject section */

/* Begin PBXResourcesBuildPhase section */
		1FE4384D1FC7F7F0003473D2 /* Resources */ = {
			isa = PBXResourcesBuildPhase;
			buildActionMask = 2147483647;
			files = (
				1F4C86211FC806DF008F6812 /* GoogleService-Info.plist in Resources */,
				1FE4385D1FC7F7F0003473D2 /* LaunchScreen.storyboard in Resources */,
				1F99E3401FCB417400FD05A8 /* PublishArticleCell.xib in Resources */,
				1FE4385A1FC7F7F0003473D2 /* Assets.xcassets in Resources */,
				1FE438581FC7F7F0003473D2 /* Main.storyboard in Resources */,
			);
			runOnlyForDeploymentPostprocessing = 0;
		};
/* End PBXResourcesBuildPhase section */

/* Begin PBXShellScriptBuildPhase section */
		0A32B7F5DEAA4AC4526396C0 /* [CP] Check Pods Manifest.lock */ = {
			isa = PBXShellScriptBuildPhase;
			buildActionMask = 2147483647;
			files = (
			);
			inputPaths = (
				"${PODS_PODFILE_DIR_PATH}/Podfile.lock",
				"${PODS_ROOT}/Manifest.lock",
			);
			name = "[CP] Check Pods Manifest.lock";
			outputPaths = (
				"$(DERIVED_FILE_DIR)/Pods-chatTogther-checkManifestLockResult.txt",
			);
			runOnlyForDeploymentPostprocessing = 0;
			shellPath = /bin/sh;
			shellScript = "diff \"${PODS_PODFILE_DIR_PATH}/Podfile.lock\" \"${PODS_ROOT}/Manifest.lock\" > /dev/null\nif [ $? != 0 ] ; then\n    # print error to STDERR\n    echo \"error: The sandbox is not in sync with the Podfile.lock. Run 'pod install' or update your CocoaPods installation.\" >&2\n    exit 1\nfi\n# This output is used by Xcode 'outputs' to avoid re-running this script phase.\necho \"SUCCESS\" > \"${SCRIPT_OUTPUT_FILE_0}\"\n";
			showEnvVarsInLog = 0;
		};
		323092841C04F4B088B13C44 /* [CP] Embed Pods Frameworks */ = {
			isa = PBXShellScriptBuildPhase;
			buildActionMask = 2147483647;
			files = (
			);
			inputPaths = (
				"${SRCROOT}/Pods/Target Support Files/Pods-chatTogther/Pods-chatTogther-frameworks.sh",
				"${BUILT_PRODUCTS_DIR}/GTMSessionFetcher/GTMSessionFetcher.framework",
				"${BUILT_PRODUCTS_DIR}/GoogleToolboxForMac/GoogleToolboxForMac.framework",
				"${BUILT_PRODUCTS_DIR}/leveldb-library/leveldb.framework",
				"${BUILT_PRODUCTS_DIR}/nanopb/nanopb.framework",
			);
			name = "[CP] Embed Pods Frameworks";
			outputPaths = (
				"${TARGET_BUILD_DIR}/${FRAMEWORKS_FOLDER_PATH}/GTMSessionFetcher.framework",
				"${TARGET_BUILD_DIR}/${FRAMEWORKS_FOLDER_PATH}/GoogleToolboxForMac.framework",
				"${TARGET_BUILD_DIR}/${FRAMEWORKS_FOLDER_PATH}/leveldb.framework",
				"${TARGET_BUILD_DIR}/${FRAMEWORKS_FOLDER_PATH}/nanopb.framework",
			);
			runOnlyForDeploymentPostprocessing = 0;
			shellPath = /bin/sh;
			shellScript = "\"${SRCROOT}/Pods/Target Support Files/Pods-chatTogther/Pods-chatTogther-frameworks.sh\"\n";
			showEnvVarsInLog = 0;
		};
		AA41EF51A2489C43CCA1A015 /* [CP] Copy Pods Resources */ = {
			isa = PBXShellScriptBuildPhase;
			buildActionMask = 2147483647;
			files = (
			);
			inputPaths = (
			);
			name = "[CP] Copy Pods Resources";
			outputPaths = (
			);
			runOnlyForDeploymentPostprocessing = 0;
			shellPath = /bin/sh;
			shellScript = "\"${SRCROOT}/Pods/Target Support Files/Pods-chatTogther/Pods-chatTogther-resources.sh\"\n";
			showEnvVarsInLog = 0;
		};
/* End PBXShellScriptBuildPhase section */

/* Begin PBXSourcesBuildPhase section */
		1FE4384B1FC7F7F0003473D2 /* Sources */ = {
			isa = PBXSourcesBuildPhase;
			buildActionMask = 2147483647;
			files = (
				1FE438551FC7F7F0003473D2 /* MessagesController.swift in Sources */,
				1FE438661FC7FA43003473D2 /* LoginController.swift in Sources */,
				7FABFA191FCAAA3A0010A10F /* PublishArticleCell.swift in Sources */,
				7FABFA1D1FCAB2420010A10F /* UserArticlesController.swift in Sources */,
				1FE438531FC7F7F0003473D2 /* AppDelegate.swift in Sources */,
				1F4C86231FC81B27008F6812 /* PublishViewController.swift in Sources */,
			);
			runOnlyForDeploymentPostprocessing = 0;
		};
/* End PBXSourcesBuildPhase section */

/* Begin PBXVariantGroup section */
		1FE438561FC7F7F0003473D2 /* Main.storyboard */ = {
			isa = PBXVariantGroup;
			children = (
				1FE438571FC7F7F0003473D2 /* Base */,
			);
			name = Main.storyboard;
			sourceTree = "<group>";
		};
		1FE4385B1FC7F7F0003473D2 /* LaunchScreen.storyboard */ = {
			isa = PBXVariantGroup;
			children = (
				1FE4385C1FC7F7F0003473D2 /* Base */,
			);
			name = LaunchScreen.storyboard;
			sourceTree = "<group>";
		};
/* End PBXVariantGroup section */

/* Begin XCBuildConfiguration section */
		1FE4385F1FC7F7F0003473D2 /* Debug */ = {
			isa = XCBuildConfiguration;
			buildSettings = {
				ALWAYS_SEARCH_USER_PATHS = NO;
				CLANG_ANALYZER_NONNULL = YES;
				CLANG_ANALYZER_NUMBER_OBJECT_CONVERSION = YES_AGGRESSIVE;
				CLANG_CXX_LANGUAGE_STANDARD = "gnu++14";
				CLANG_CXX_LIBRARY = "libc++";
				CLANG_ENABLE_MODULES = YES;
				CLANG_ENABLE_OBJC_ARC = YES;
				CLANG_WARN_BLOCK_CAPTURE_AUTORELEASING = YES;
				CLANG_WARN_BOOL_CONVERSION = YES;
				CLANG_WARN_COMMA = YES;
				CLANG_WARN_CONSTANT_CONVERSION = YES;
				CLANG_WARN_DIRECT_OBJC_ISA_USAGE = YES_ERROR;
				CLANG_WARN_DOCUMENTATION_COMMENTS = YES;
				CLANG_WARN_EMPTY_BODY = YES;
				CLANG_WARN_ENUM_CONVERSION = YES;
				CLANG_WARN_INFINITE_RECURSION = YES;
				CLANG_WARN_INT_CONVERSION = YES;
				CLANG_WARN_NON_LITERAL_NULL_CONVERSION = YES;
				CLANG_WARN_OBJC_LITERAL_CONVERSION = YES;
				CLANG_WARN_OBJC_ROOT_CLASS = YES_ERROR;
				CLANG_WARN_RANGE_LOOP_ANALYSIS = YES;
				CLANG_WARN_STRICT_PROTOTYPES = YES;
				CLANG_WARN_SUSPICIOUS_MOVE = YES;
				CLANG_WARN_UNGUARDED_AVAILABILITY = YES_AGGRESSIVE;
				CLANG_WARN_UNREACHABLE_CODE = YES;
				CLANG_WARN__DUPLICATE_METHOD_MATCH = YES;
				CODE_SIGN_IDENTITY = "iPhone Developer";
				COPY_PHASE_STRIP = NO;
				DEBUG_INFORMATION_FORMAT = dwarf;
				ENABLE_STRICT_OBJC_MSGSEND = YES;
				ENABLE_TESTABILITY = YES;
				GCC_C_LANGUAGE_STANDARD = gnu11;
				GCC_DYNAMIC_NO_PIC = NO;
				GCC_NO_COMMON_BLOCKS = YES;
				GCC_OPTIMIZATION_LEVEL = 0;
				GCC_PREPROCESSOR_DEFINITIONS = (
					"DEBUG=1",
					"$(inherited)",
				);
				GCC_WARN_64_TO_32_BIT_CONVERSION = YES;
				GCC_WARN_ABOUT_RETURN_TYPE = YES_ERROR;
				GCC_WARN_UNDECLARED_SELECTOR = YES;
				GCC_WARN_UNINITIALIZED_AUTOS = YES_AGGRESSIVE;
				GCC_WARN_UNUSED_FUNCTION = YES;
				GCC_WARN_UNUSED_VARIABLE = YES;
				IPHONEOS_DEPLOYMENT_TARGET = 11.1;
				MTL_ENABLE_DEBUG_INFO = YES;
				ONLY_ACTIVE_ARCH = YES;
				SDKROOT = iphoneos;
				SWIFT_ACTIVE_COMPILATION_CONDITIONS = DEBUG;
				SWIFT_OPTIMIZATION_LEVEL = "-Onone";
			};
			name = Debug;
		};
		1FE438601FC7F7F0003473D2 /* Release */ = {
			isa = XCBuildConfiguration;
			buildSettings = {
				ALWAYS_SEARCH_USER_PATHS = NO;
				CLANG_ANALYZER_NONNULL = YES;
				CLANG_ANALYZER_NUMBER_OBJECT_CONVERSION = YES_AGGRESSIVE;
				CLANG_CXX_LANGUAGE_STANDARD = "gnu++14";
				CLANG_CXX_LIBRARY = "libc++";
				CLANG_ENABLE_MODULES = YES;
				CLANG_ENABLE_OBJC_ARC = YES;
				CLANG_WARN_BLOCK_CAPTURE_AUTORELEASING = YES;
				CLANG_WARN_BOOL_CONVERSION = YES;
				CLANG_WARN_COMMA = YES;
				CLANG_WARN_CONSTANT_CONVERSION = YES;
				CLANG_WARN_DIRECT_OBJC_ISA_USAGE = YES_ERROR;
				CLANG_WARN_DOCUMENTATION_COMMENTS = YES;
				CLANG_WARN_EMPTY_BODY = YES;
				CLANG_WARN_ENUM_CONVERSION = YES;
				CLANG_WARN_INFINITE_RECURSION = YES;
				CLANG_WARN_INT_CONVERSION = YES;
				CLANG_WARN_NON_LITERAL_NULL_CONVERSION = YES;
				CLANG_WARN_OBJC_LITERAL_CONVERSION = YES;
				CLANG_WARN_OBJC_ROOT_CLASS = YES_ERROR;
				CLANG_WARN_RANGE_LOOP_ANALYSIS = YES;
				CLANG_WARN_STRICT_PROTOTYPES = YES;
				CLANG_WARN_SUSPICIOUS_MOVE = YES;
				CLANG_WARN_UNGUARDED_AVAILABILITY = YES_AGGRESSIVE;
				CLANG_WARN_UNREACHABLE_CODE = YES;
				CLANG_WARN__DUPLICATE_METHOD_MATCH = YES;
				CODE_SIGN_IDENTITY = "iPhone Developer";
				COPY_PHASE_STRIP = NO;
				DEBUG_INFORMATION_FORMAT = "dwarf-with-dsym";
				ENABLE_NS_ASSERTIONS = NO;
				ENABLE_STRICT_OBJC_MSGSEND = YES;
				GCC_C_LANGUAGE_STANDARD = gnu11;
				GCC_NO_COMMON_BLOCKS = YES;
				GCC_WARN_64_TO_32_BIT_CONVERSION = YES;
				GCC_WARN_ABOUT_RETURN_TYPE = YES_ERROR;
				GCC_WARN_UNDECLARED_SELECTOR = YES;
				GCC_WARN_UNINITIALIZED_AUTOS = YES_AGGRESSIVE;
				GCC_WARN_UNUSED_FUNCTION = YES;
				GCC_WARN_UNUSED_VARIABLE = YES;
				IPHONEOS_DEPLOYMENT_TARGET = 11.1;
				MTL_ENABLE_DEBUG_INFO = NO;
				SDKROOT = iphoneos;
				SWIFT_OPTIMIZATION_LEVEL = "-Owholemodule";
				VALIDATE_PRODUCT = YES;
			};
			name = Release;
		};
		1FE438621FC7F7F0003473D2 /* Debug */ = {
			isa = XCBuildConfiguration;
			baseConfigurationReference = 052689B7D72AB7A9D0B3A4E3 /* Pods-chatTogther.debug.xcconfig */;
			buildSettings = {
				ASSETCATALOG_COMPILER_APPICON_NAME = AppIcon;
				CODE_SIGN_STYLE = Automatic;
				INFOPLIST_FILE = chatTogther/Info.plist;
				IPHONEOS_DEPLOYMENT_TARGET = 11.0;
				LD_RUNPATH_SEARCH_PATHS = "$(inherited) @executable_path/Frameworks";
				PRODUCT_BUNDLE_IDENTIFIER = Appworks.chatTogther;
				PRODUCT_NAME = "$(TARGET_NAME)";
				SWIFT_VERSION = 4.0;
				TARGETED_DEVICE_FAMILY = "1,2";
			};
			name = Debug;
		};
		1FE438631FC7F7F0003473D2 /* Release */ = {
			isa = XCBuildConfiguration;
			baseConfigurationReference = 34DFC0E25CE0527FFF05ED1A /* Pods-chatTogther.release.xcconfig */;
			buildSettings = {
				ASSETCATALOG_COMPILER_APPICON_NAME = AppIcon;
				CODE_SIGN_STYLE = Automatic;
				INFOPLIST_FILE = chatTogther/Info.plist;
				IPHONEOS_DEPLOYMENT_TARGET = 11.0;
				LD_RUNPATH_SEARCH_PATHS = "$(inherited) @executable_path/Frameworks";
				PRODUCT_BUNDLE_IDENTIFIER = Appworks.chatTogther;
				PRODUCT_NAME = "$(TARGET_NAME)";
				SWIFT_VERSION = 4.0;
				TARGETED_DEVICE_FAMILY = "1,2";
			};
			name = Release;
		};
/* End XCBuildConfiguration section */

/* Begin XCConfigurationList section */
		1FE4384A1FC7F7F0003473D2 /* Build configuration list for PBXProject "chatTogther" */ = {
			isa = XCConfigurationList;
			buildConfigurations = (
				1FE4385F1FC7F7F0003473D2 /* Debug */,
				1FE438601FC7F7F0003473D2 /* Release */,
			);
			defaultConfigurationIsVisible = 0;
			defaultConfigurationName = Release;
		};
		1FE438611FC7F7F0003473D2 /* Build configuration list for PBXNativeTarget "chatTogther" */ = {
			isa = XCConfigurationList;
			buildConfigurations = (
				1FE438621FC7F7F0003473D2 /* Debug */,
				1FE438631FC7F7F0003473D2 /* Release */,
			);
			defaultConfigurationIsVisible = 0;
			defaultConfigurationName = Release;
		};
/* End XCConfigurationList section */
	};
	rootObject = 1FE438471FC7F7F0003473D2 /* Project object */;
}
